
Microsoft Visual Studio Solution File, Format Version 12.00
# Visual Studio Version 16
VisualStudioVersion = 16.0.30717.126
MinimumVisualStudioVersion = 10.0.40219.1
Project("{FAE04EC0-301F-11D3-BF4B-00C04F79EFBC}") = "ChiaLogReader.App", "ChiaLogReader.App\ChiaLogReader.App.csproj", "{709307C0-2999-486B-A0F5-0D9F5B1AEEF6}"
EndProject
Global
	GlobalSection(SolutionConfigurationPlatforms) = preSolution
		Debug|Any CPU = Debug|Any CPU
		Release|Any CPU = Release|Any CPU
	EndGlobalSection
	GlobalSection(ProjectConfigurationPlatforms) = postSolution
		{709307C0-2999-486B-A0F5-0D9F5B1AEEF6}.Debug|Any CPU.ActiveCfg = Debug|Any CPU
		{709307C0-2999-486B-A0F5-0D9F5B1AEEF6}.Debug|Any CPU.Build.0 = Debug|Any CPU
		{709307C0-2999-486B-A0F5-0D9F5B1AEEF6}.Release|Any CPU.ActiveCfg = Release|Any CPU
		{709307C0-2999-486B-A0F5-0D9F5B1AEEF6}.Release|Any CPU.Build.0 = Release|Any CPU
	EndGlobalSection
	GlobalSection(SolutionProperties) = preSolution
		HideSolutionNode = FALSE
	EndGlobalSection
	GlobalSection(ExtensibilityGlobals) = postSolution
		SolutionGuid = {650DAB84-A031-4E7A-9B37-DECF412973CE}
	EndGlobalSection
EndGlobal
